// !$*UTF8*$!
{
	archiveVersion = 1;
	classes = {
	};
	objectVersion = 56;
	objects = {

/* Begin PBXBuildFile section */
		E05FF7BD2AEEAF210038EB5A /* AppDelegate.swift in Sources */ = {isa = PBXBuildFile; fileRef = E05FF7BC2AEEAF210038EB5A /* AppDelegate.swift */; };
		E05FF7BF2AEEAF210038EB5A /* SceneDelegate.swift in Sources */ = {isa = PBXBuildFile; fileRef = E05FF7BE2AEEAF210038EB5A /* SceneDelegate.swift */; };
		E05FF7C12AEEAF210038EB5A /* ViewController.swift in Sources */ = {isa = PBXBuildFile; fileRef = E05FF7C02AEEAF210038EB5A /* ViewController.swift */; };
		E05FF7C42AEEAF210038EB5A /* Main.storyboard in Resources */ = {isa = PBXBuildFile; fileRef = E05FF7C22AEEAF210038EB5A /* Main.storyboard */; };
		E05FF7C62AEEAF240038EB5A /* Assets.xcassets in Resources */ = {isa = PBXBuildFile; fileRef = E05FF7C52AEEAF240038EB5A /* Assets.xcassets */; };
		E05FF7C92AEEAF240038EB5A /* LaunchScreen.storyboard in Resources */ = {isa = PBXBuildFile; fileRef = E05FF7C72AEEAF240038EB5A /* LaunchScreen.storyboard */; };
		E05FF7D12AEEB8AE0038EB5A /* HomeViewController.swift in Sources */ = {isa = PBXBuildFile; fileRef = E05FF7D02AEEB8AE0038EB5A /* HomeViewController.swift */; };
		E05FF7D32AEEB8C90038EB5A /* LoginViewController.swift in Sources */ = {isa = PBXBuildFile; fileRef = E05FF7D22AEEB8C90038EB5A /* LoginViewController.swift */; };
		E05FF7D52AEEB8D90038EB5A /* RegistrationViewController.swift in Sources */ = {isa = PBXBuildFile; fileRef = E05FF7D42AEEB8D90038EB5A /* RegistrationViewController.swift */; };
		E0AA767E2AF021570022613A /* DealsTabViewController.swift in Sources */ = {isa = PBXBuildFile; fileRef = E0AA767D2AF021570022613A /* DealsTabViewController.swift */; };
		E0AA76802AF021670022613A /* SearchTabViewController.swift in Sources */ = {isa = PBXBuildFile; fileRef = E0AA767F2AF021670022613A /* SearchTabViewController.swift */; };
		E0AA76822AF021CE0022613A /* SavedTabViewController.swift in Sources */ = {isa = PBXBuildFile; fileRef = E0AA76812AF021CE0022613A /* SavedTabViewController.swift */; };
		E0AA76842AF021DC0022613A /* AccountTabViewController.swift in Sources */ = {isa = PBXBuildFile; fileRef = E0AA76832AF021DC0022613A /* AccountTabViewController.swift */; };
		E0AA76862AF02FE90022613A /* ContactUsViewController.swift in Sources */ = {isa = PBXBuildFile; fileRef = E0AA76852AF02FE90022613A /* ContactUsViewController.swift */; };
/* End PBXBuildFile section */

/* Begin PBXFileReference section */
		E05FF7B92AEEAF210038EB5A /* Team11_MAPD714_Project-Milestone2.app */ = {isa = PBXFileReference; explicitFileType = wrapper.application; includeInIndex = 0; path = "Team11_MAPD714_Project-Milestone2.app"; sourceTree = BUILT_PRODUCTS_DIR; };
		E05FF7BC2AEEAF210038EB5A /* AppDelegate.swift */ = {isa = PBXFileReference; lastKnownFileType = sourcecode.swift; path = AppDelegate.swift; sourceTree = "<group>"; };
		E05FF7BE2AEEAF210038EB5A /* SceneDelegate.swift */ = {isa = PBXFileReference; lastKnownFileType = sourcecode.swift; path = SceneDelegate.swift; sourceTree = "<group>"; };
		E05FF7C02AEEAF210038EB5A /* ViewController.swift */ = {isa = PBXFileReference; lastKnownFileType = sourcecode.swift; path = ViewController.swift; sourceTree = "<group>"; };
		E05FF7C32AEEAF210038EB5A /* Base */ = {isa = PBXFileReference; lastKnownFileType = file.storyboard; name = Base; path = Base.lproj/Main.storyboard; sourceTree = "<group>"; };
		E05FF7C52AEEAF240038EB5A /* Assets.xcassets */ = {isa = PBXFileReference; lastKnownFileType = folder.assetcatalog; path = Assets.xcassets; sourceTree = "<group>"; };
		E05FF7C82AEEAF240038EB5A /* Base */ = {isa = PBXFileReference; lastKnownFileType = file.storyboard; name = Base; path = Base.lproj/LaunchScreen.storyboard; sourceTree = "<group>"; };
		E05FF7CA2AEEAF240038EB5A /* Info.plist */ = {isa = PBXFileReference; lastKnownFileType = text.plist.xml; path = Info.plist; sourceTree = "<group>"; };
		E05FF7D02AEEB8AE0038EB5A /* HomeViewController.swift */ = {isa = PBXFileReference; lastKnownFileType = sourcecode.swift; path = HomeViewController.swift; sourceTree = "<group>"; };
		E05FF7D22AEEB8C90038EB5A /* LoginViewController.swift */ = {isa = PBXFileReference; lastKnownFileType = sourcecode.swift; path = LoginViewController.swift; sourceTree = "<group>"; };
		E05FF7D42AEEB8D90038EB5A /* RegistrationViewController.swift */ = {isa = PBXFileReference; lastKnownFileType = sourcecode.swift; path = RegistrationViewController.swift; sourceTree = "<group>"; };
		E0AA767D2AF021570022613A /* DealsTabViewController.swift */ = {isa = PBXFileReference; lastKnownFileType = sourcecode.swift; path = DealsTabViewController.swift; sourceTree = "<group>"; };
		E0AA767F2AF021670022613A /* SearchTabViewController.swift */ = {isa = PBXFileReference; lastKnownFileType = sourcecode.swift; path = SearchTabViewController.swift; sourceTree = "<group>"; };
		E0AA76812AF021CE0022613A /* SavedTabViewController.swift */ = {isa = PBXFileReference; lastKnownFileType = sourcecode.swift; path = SavedTabViewController.swift; sourceTree = "<group>"; };
		E0AA76832AF021DC0022613A /* AccountTabViewController.swift */ = {isa = PBXFileReference; lastKnownFileType = sourcecode.swift; path = AccountTabViewController.swift; sourceTree = "<group>"; };
		E0AA76852AF02FE90022613A /* ContactUsViewController.swift */ = {isa = PBXFileReference; lastKnownFileType = sourcecode.swift; path = ContactUsViewController.swift; sourceTree = "<group>"; };
/* End PBXFileReference section */

/* Begin PBXFrameworksBuildPhase section */
		E05FF7B62AEEAF210038EB5A /* Frameworks */ = {
			isa = PBXFrameworksBuildPhase;
			buildActionMask = 2147483647;
			files = (
			);
			runOnlyForDeploymentPostprocessing = 0;
		};
/* End PBXFrameworksBuildPhase section */

/* Begin PBXGroup section */
		E05FF7B02AEEAF210038EB5A = {
			isa = PBXGroup;
			children = (
				E05FF7BB2AEEAF210038EB5A /* Team11_MAPD714_Project-Milestone2 */,
				E05FF7BA2AEEAF210038EB5A /* Products */,
			);
			sourceTree = "<group>";
		};
		E05FF7BA2AEEAF210038EB5A /* Products */ = {
			isa = PBXGroup;
			children = (
				E05FF7B92AEEAF210038EB5A /* Team11_MAPD714_Project-Milestone2.app */,
			);
			name = Products;
			sourceTree = "<group>";
		};
		E05FF7BB2AEEAF210038EB5A /* Team11_MAPD714_Project-Milestone2 */ = {
			isa = PBXGroup;
			children = (
				E05FF7BC2AEEAF210038EB5A /* AppDelegate.swift */,
				E05FF7BE2AEEAF210038EB5A /* SceneDelegate.swift */,
				E05FF7C02AEEAF210038EB5A /* ViewController.swift */,
				E05FF7C22AEEAF210038EB5A /* Main.storyboard */,
				E0AA76852AF02FE90022613A /* ContactUsViewController.swift */,
				E0AA767D2AF021570022613A /* DealsTabViewController.swift */,
				E0AA767F2AF021670022613A /* SearchTabViewController.swift */,
				E0AA76812AF021CE0022613A /* SavedTabViewController.swift */,
				E0AA76832AF021DC0022613A /* AccountTabViewController.swift */,
				E05FF7D02AEEB8AE0038EB5A /* HomeViewController.swift */,
				E05FF7D22AEEB8C90038EB5A /* LoginViewController.swift */,
				E05FF7D42AEEB8D90038EB5A /* RegistrationViewController.swift */,
				E05FF7C52AEEAF240038EB5A /* Assets.xcassets */,
				E05FF7C72AEEAF240038EB5A /* LaunchScreen.storyboard */,
				E05FF7CA2AEEAF240038EB5A /* Info.plist */,
			);
			path = "Team11_MAPD714_Project-Milestone2";
			sourceTree = "<group>";
		};
/* End PBXGroup section */

/* Begin PBXNativeTarget section */
		E05FF7B82AEEAF210038EB5A /* Team11_MAPD714_Project-Milestone2 */ = {
			isa = PBXNativeTarget;
			buildConfigurationList = E05FF7CD2AEEAF240038EB5A /* Build configuration list for PBXNativeTarget "Team11_MAPD714_Project-Milestone2" */;
			buildPhases = (
				E05FF7B52AEEAF210038EB5A /* Sources */,
				E05FF7B62AEEAF210038EB5A /* Frameworks */,
				E05FF7B72AEEAF210038EB5A /* Resources */,
			);
			buildRules = (
			);
			dependencies = (
			);
			name = "Team11_MAPD714_Project-Milestone2";
			productName = "Team11_MAPD714_Project-Milestone2";
			productReference = E05FF7B92AEEAF210038EB5A /* Team11_MAPD714_Project-Milestone2.app */;
			productType = "com.apple.product-type.application";
		};
/* End PBXNativeTarget section */

/* Begin PBXProject section */
		E05FF7B12AEEAF210038EB5A /* Project object */ = {
			isa = PBXProject;
			attributes = {
				BuildIndependentTargetsInParallel = 1;
				LastSwiftUpdateCheck = 1500;
				LastUpgradeCheck = 1500;
				TargetAttributes = {
					E05FF7B82AEEAF210038EB5A = {
						CreatedOnToolsVersion = 15.0.1;
					};
				};
			};
			buildConfigurationList = E05FF7B42AEEAF210038EB5A /* Build configuration list for PBXProject "Team11_MAPD714_Project-Milestone2" */;
			compatibilityVersion = "Xcode 14.0";
			developmentRegion = en;
			hasScannedForEncodings = 0;
			knownRegions = (
				en,
				Base,
			);
			mainGroup = E05FF7B02AEEAF210038EB5A;
			productRefGroup = E05FF7BA2AEEAF210038EB5A /* Products */;
			projectDirPath = "";
			projectRoot = "";
			targets = (
				E05FF7B82AEEAF210038EB5A /* Team11_MAPD714_Project-Milestone2 */,
			);
		};
/* End PBXProject section */

/* Begin PBXResourcesBuildPhase section */
		E05FF7B72AEEAF210038EB5A /* Resources */ = {
			isa = PBXResourcesBuildPhase;
			buildActionMask = 2147483647;
			files = (
				E05FF7C92AEEAF240038EB5A /* LaunchScreen.storyboard in Resources */,
				E05FF7C62AEEAF240038EB5A /* Assets.xcassets in Resources */,
				E05FF7C42AEEAF210038EB5A /* Main.storyboard in Resources */,
			);
			runOnlyForDeploymentPostprocessing = 0;
		};
/* End PBXResourcesBuildPhase section */

/* Begin PBXSourcesBuildPhase section */
		E05FF7B52AEEAF210038EB5A /* Sources */ = {
			isa = PBXSourcesBuildPhase;
			buildActionMask = 2147483647;
			files = (
				E05FF7D52AEEB8D90038EB5A /* RegistrationViewController.swift in Sources */,
				E05FF7C12AEEAF210038EB5A /* ViewController.swift in Sources */,
				E05FF7BD2AEEAF210038EB5A /* AppDelegate.swift in Sources */,
				E05FF7BF2AEEAF210038EB5A /* SceneDelegate.swift in Sources */,
				E05FF7D32AEEB8C90038EB5A /* LoginViewController.swift in Sources */,
				E0AA767E2AF021570022613A /* DealsTabViewController.swift in Sources */,
				E0AA76802AF021670022613A /* SearchTabViewController.swift in Sources */,
				E0AA76822AF021CE0022613A /* SavedTabViewController.swift in Sources */,
				E05FF7D12AEEB8AE0038EB5A /* HomeViewController.swift in Sources */,
				E0AA76842AF021DC0022613A /* AccountTabViewController.swift in Sources */,
				E0AA76862AF02FE90022613A /* ContactUsViewController.swift in Sources */,
			);
			runOnlyForDeploymentPostprocessing = 0;
		};
/* End PBXSourcesBuildPhase section */

/* Begin PBXVariantGroup section */
		E05FF7C22AEEAF210038EB5A /* Main.storyboard */ = {
			isa = PBXVariantGroup;
			children = (
				E05FF7C32AEEAF210038EB5A /* Base */,
			);
			name = Main.storyboard;
			sourceTree = "<group>";
		};
		E05FF7C72AEEAF240038EB5A /* LaunchScreen.storyboard */ = {
			isa = PBXVariantGroup;
			children = (
				E05FF7C82AEEAF240038EB5A /* Base */,
			);
			name = LaunchScreen.storyboard;
			sourceTree = "<group>";
		};
/* End PBXVariantGroup section */

/* Begin XCBuildConfiguration section */
		E05FF7CB2AEEAF240038EB5A /* Debug */ = {
			isa = XCBuildConfiguration;
			buildSettings = {
				ALWAYS_SEARCH_USER_PATHS = NO;
				ASSETCATALOG_COMPILER_GENERATE_SWIFT_ASSET_SYMBOL_EXTENSIONS = YES;
				CLANG_ANALYZER_NONNULL = YES;
				CLANG_ANALYZER_NUMBER_OBJECT_CONVERSION = YES_AGGRESSIVE;
				CLANG_CXX_LANGUAGE_STANDARD = "gnu++20";
				CLANG_ENABLE_MODULES = YES;
				CLANG_ENABLE_OBJC_ARC = YES;
				CLANG_ENABLE_OBJC_WEAK = YES;
				CLANG_WARN_BLOCK_CAPTURE_AUTORELEASING = YES;
				CLANG_WARN_BOOL_CONVERSION = YES;
				CLANG_WARN_COMMA = YES;
				CLANG_WARN_CONSTANT_CONVERSION = YES;
				CLANG_WARN_DEPRECATED_OBJC_IMPLEMENTATIONS = YES;
				CLANG_WARN_DIRECT_OBJC_ISA_USAGE = YES_ERROR;
				CLANG_WARN_DOCUMENTATION_COMMENTS = YES;
				CLANG_WARN_EMPTY_BODY = YES;
				CLANG_WARN_ENUM_CONVERSION = YES;
				CLANG_WARN_INFINITE_RECURSION = YES;
				CLANG_WARN_INT_CONVERSION = YES;
				CLANG_WARN_NON_LITERAL_NULL_CONVERSION = YES;
				CLANG_WARN_OBJC_IMPLICIT_RETAIN_SELF = YES;
				CLANG_WARN_OBJC_LITERAL_CONVERSION = YES;
				CLANG_WARN_OBJC_ROOT_CLASS = YES_ERROR;
				CLANG_WARN_QUOTED_INCLUDE_IN_FRAMEWORK_HEADER = YES;
				CLANG_WARN_RANGE_LOOP_ANALYSIS = YES;
				CLANG_WARN_STRICT_PROTOTYPES = YES;
				CLANG_WARN_SUSPICIOUS_MOVE = YES;
				CLANG_WARN_UNGUARDED_AVAILABILITY = YES_AGGRESSIVE;
				CLANG_WARN_UNREACHABLE_CODE = YES;
				CLANG_WARN__DUPLICATE_METHOD_MATCH = YES;
				COPY_PHASE_STRIP = NO;
				DEBUG_INFORMATION_FORMAT = dwarf;
				ENABLE_STRICT_OBJC_MSGSEND = YES;
				ENABLE_TESTABILITY = YES;
				ENABLE_USER_SCRIPT_SANDBOXING = YES;
				GCC_C_LANGUAGE_STANDARD = gnu17;
				GCC_DYNAMIC_NO_PIC = NO;
				GCC_NO_COMMON_BLOCKS = YES;
				GCC_OPTIMIZATION_LEVEL = 0;
				GCC_PREPROCESSOR_DEFINITIONS = (
					"DEBUG=1",
					"$(inherited)",
				);
				GCC_WARN_64_TO_32_BIT_CONVERSION = YES;
				GCC_WARN_ABOUT_RETURN_TYPE = YES_ERROR;
				GCC_WARN_UNDECLARED_SELECTOR = YES;
				GCC_WARN_UNINITIALIZED_AUTOS = YES_AGGRESSIVE;
				GCC_WARN_UNUSED_FUNCTION = YES;
				GCC_WARN_UNUSED_VARIABLE = YES;
				IPHONEOS_DEPLOYMENT_TARGET = 17.0;
				LOCALIZATION_PREFERS_STRING_CATALOGS = YES;
				MTL_ENABLE_DEBUG_INFO = INCLUDE_SOURCE;
				MTL_FAST_MATH = YES;
				ONLY_ACTIVE_ARCH = YES;
				SDKROOT = iphoneos;
				SWIFT_ACTIVE_COMPILATION_CONDITIONS = "DEBUG $(inherited)";
				SWIFT_OPTIMIZATION_LEVEL = "-Onone";
			};
			name = Debug;
		};
		E05FF7CC2AEEAF240038EB5A /* Release */ = {
			isa = XCBuildConfiguration;
			buildSettings = {
				ALWAYS_SEARCH_USER_PATHS = NO;
				ASSETCATALOG_COMPILER_GENERATE_SWIFT_ASSET_SYMBOL_EXTENSIONS = YES;
				CLANG_ANALYZER_NONNULL = YES;
				CLANG_ANALYZER_NUMBER_OBJECT_CONVERSION = YES_AGGRESSIVE;
				CLANG_CXX_LANGUAGE_STANDARD = "gnu++20";
				CLANG_ENABLE_MODULES = YES;
				CLANG_ENABLE_OBJC_ARC = YES;
				CLANG_ENABLE_OBJC_WEAK = YES;
				CLANG_WARN_BLOCK_CAPTURE_AUTORELEASING = YES;
				CLANG_WARN_BOOL_CONVERSION = YES;
				CLANG_WARN_COMMA = YES;
				CLANG_WARN_CONSTANT_CONVERSION = YES;
				CLANG_WARN_DEPRECATED_OBJC_IMPLEMENTATIONS = YES;
				CLANG_WARN_DIRECT_OBJC_ISA_USAGE = YES_ERROR;
				CLANG_WARN_DOCUMENTATION_COMMENTS = YES;
				CLANG_WARN_EMPTY_BODY = YES;
				CLANG_WARN_ENUM_CONVERSION = YES;
				CLANG_WARN_INFINITE_RECURSION = YES;
				CLANG_WARN_INT_CONVERSION = YES;
				CLANG_WARN_NON_LITERAL_NULL_CONVERSION = YES;
				CLANG_WARN_OBJC_IMPLICIT_RETAIN_SELF = YES;
				CLANG_WARN_OBJC_LITERAL_CONVERSION = YES;
				CLANG_WARN_OBJC_ROOT_CLASS = YES_ERROR;
				CLANG_WARN_QUOTED_INCLUDE_IN_FRAMEWORK_HEADER = YES;
				CLANG_WARN_RANGE_LOOP_ANALYSIS = YES;
				CLANG_WARN_STRICT_PROTOTYPES = YES;
				CLANG_WARN_SUSPICIOUS_MOVE = YES;
				CLANG_WARN_UNGUARDED_AVAILABILITY = YES_AGGRESSIVE;
				CLANG_WARN_UNREACHABLE_CODE = YES;
				CLANG_WARN__DUPLICATE_METHOD_MATCH = YES;
				COPY_PHASE_STRIP = NO;
				DEBUG_INFORMATION_FORMAT = "dwarf-with-dsym";
				ENABLE_NS_ASSERTIONS = NO;
				ENABLE_STRICT_OBJC_MSGSEND = YES;
				ENABLE_USER_SCRIPT_SANDBOXING = YES;
				GCC_C_LANGUAGE_STANDARD = gnu17;
				GCC_NO_COMMON_BLOCKS = YES;
				GCC_WARN_64_TO_32_BIT_CONVERSION = YES;
				GCC_WARN_ABOUT_RETURN_TYPE = YES_ERROR;
				GCC_WARN_UNDECLARED_SELECTOR = YES;
				GCC_WARN_UNINITIALIZED_AUTOS = YES_AGGRESSIVE;
				GCC_WARN_UNUSED_FUNCTION = YES;
				GCC_WARN_UNUSED_VARIABLE = YES;
				IPHONEOS_DEPLOYMENT_TARGET = 17.0;
				LOCALIZATION_PREFERS_STRING_CATALOGS = YES;
				MTL_ENABLE_DEBUG_INFO = NO;
				MTL_FAST_MATH = YES;
				SDKROOT = iphoneos;
				SWIFT_COMPILATION_MODE = wholemodule;
				VALIDATE_PRODUCT = YES;
			};
			name = Release;
		};
		E05FF7CE2AEEAF240038EB5A /* Debug */ = {
			isa = XCBuildConfiguration;
			buildSettings = {
				ASSETCATALOG_COMPILER_APPICON_NAME = AppIcon;
				ASSETCATALOG_COMPILER_GLOBAL_ACCENT_COLOR_NAME = AccentColor;
				CODE_SIGN_STYLE = Automatic;
				CURRENT_PROJECT_VERSION = 1;
				GENERATE_INFOPLIST_FILE = YES;
				INFOPLIST_FILE = "Team11_MAPD714_Project-Milestone2/Info.plist";
				INFOPLIST_KEY_UIApplicationSupportsIndirectInputEvents = YES;
				INFOPLIST_KEY_UILaunchStoryboardName = LaunchScreen;
				INFOPLIST_KEY_UIMainStoryboardFile = Main;
				INFOPLIST_KEY_UISupportedInterfaceOrientations_iPad = "UIInterfaceOrientationPortrait UIInterfaceOrientationPortraitUpsideDown UIInterfaceOrientationLandscapeLeft UIInterfaceOrientationLandscapeRight";
				INFOPLIST_KEY_UISupportedInterfaceOrientations_iPhone = "UIInterfaceOrientationPortrait UIInterfaceOrientationLandscapeLeft UIInterfaceOrientationLandscapeRight";
				LD_RUNPATH_SEARCH_PATHS = (
					"$(inherited)",
					"@executable_path/Frameworks",
				);
				MARKETING_VERSION = 1.0;
				PRODUCT_BUNDLE_IDENTIFIER = "com.saurav.Team11-MAPD714-Project-Milestone2";
				PRODUCT_NAME = "$(TARGET_NAME)";
				SWIFT_EMIT_LOC_STRINGS = YES;
				SWIFT_VERSION = 5.0;
				TARGETED_DEVICE_FAMILY = "1,2";
			};
			name = Debug;
		};
		E05FF7CF2AEEAF240038EB5A /* Release */ = {
			isa = XCBuildConfiguration;
			buildSettings = {
				ASSETCATALOG_COMPILER_APPICON_NAME = AppIcon;
				ASSETCATALOG_COMPILER_GLOBAL_ACCENT_COLOR_NAME = AccentColor;
				CODE_SIGN_STYLE = Automatic;
				CURRENT_PROJECT_VERSION = 1;
				GENERATE_INFOPLIST_FILE = YES;
				INFOPLIST_FILE = "Team11_MAPD714_Project-Milestone2/Info.plist";
				INFOPLIST_KEY_UIApplicationSupportsIndirectInputEvents = YES;
				INFOPLIST_KEY_UILaunchStoryboardName = LaunchScreen;
				INFOPLIST_KEY_UIMainStoryboardFile = Main;
				INFOPLIST_KEY_UISupportedInterfaceOrientations_iPad = "UIInterfaceOrientationPortrait UIInterfaceOrientationPortraitUpsideDown UIInterfaceOrientationLandscapeLeft UIInterfaceOrientationLandscapeRight";
				INFOPLIST_KEY_UISupportedInterfaceOrientations_iPhone = "UIInterfaceOrientationPortrait UIInterfaceOrientationLandscapeLeft UIInterfaceOrientationLandscapeRight";
				LD_RUNPATH_SEARCH_PATHS = (
					"$(inherited)",
					"@executable_path/Frameworks",
				);
				MARKETING_VERSION = 1.0;
				PRODUCT_BUNDLE_IDENTIFIER = "com.saurav.Team11-MAPD714-Project-Milestone2";
				PRODUCT_NAME = "$(TARGET_NAME)";
				SWIFT_EMIT_LOC_STRINGS = YES;
				SWIFT_VERSION = 5.0;
				TARGETED_DEVICE_FAMILY = "1,2";
			};
			name = Release;
		};
/* End XCBuildConfiguration section */

/* Begin XCConfigurationList section */
		E05FF7B42AEEAF210038EB5A /* Build configuration list for PBXProject "Team11_MAPD714_Project-Milestone2" */ = {
			isa = XCConfigurationList;
			buildConfigurations = (
				E05FF7CB2AEEAF240038EB5A /* Debug */,
				E05FF7CC2AEEAF240038EB5A /* Release */,
			);
			defaultConfigurationIsVisible = 0;
			defaultConfigurationName = Release;
		};
		E05FF7CD2AEEAF240038EB5A /* Build configuration list for PBXNativeTarget "Team11_MAPD714_Project-Milestone2" */ = {
			isa = XCConfigurationList;
			buildConfigurations = (
				E05FF7CE2AEEAF240038EB5A /* Debug */,
				E05FF7CF2AEEAF240038EB5A /* Release */,
			);
			defaultConfigurationIsVisible = 0;
			defaultConfigurationName = Release;
		};
/* End XCConfigurationList section */
	};
	rootObject = E05FF7B12AEEAF210038EB5A /* Project object */;
}
