// !$*UTF8*$!
{
	archiveVersion = 1;
	classes = {
	};
	objectVersion = 56;
	objects = {

/* Begin PBXBuildFile section */
		E025E2A02B00686800BE92D2 /* CustomTableViewCell.swift in Sources */ = {isa = PBXBuildFile; fileRef = E025E29F2B00686800BE92D2 /* CustomTableViewCell.swift */; };
		E025E2A22B01651A00BE92D2 /* CustomDealsTableViewCell.swift in Sources */ = {isa = PBXBuildFile; fileRef = E025E2A12B01651A00BE92D2 /* CustomDealsTableViewCell.swift */; };
		E025E2A42B01773500BE92D2 /* BahamasViewController.swift in Sources */ = {isa = PBXBuildFile; fileRef = E025E2A32B01773500BE92D2 /* BahamasViewController.swift */; };
		E025E2A62B01774A00BE92D2 /* CaribbeanViewController.swift in Sources */ = {isa = PBXBuildFile; fileRef = E025E2A52B01774A00BE92D2 /* CaribbeanViewController.swift */; };
		E025E2A82B01776000BE92D2 /* CubaViewController.swift in Sources */ = {isa = PBXBuildFile; fileRef = E025E2A72B01776000BE92D2 /* CubaViewController.swift */; };
		E025E2AA2B01776E00BE92D2 /* SamplerViewController.swift in Sources */ = {isa = PBXBuildFile; fileRef = E025E2A92B01776E00BE92D2 /* SamplerViewController.swift */; };
		E025E2AC2B01777C00BE92D2 /* StarViewController.swift in Sources */ = {isa = PBXBuildFile; fileRef = E025E2AB2B01777C00BE92D2 /* StarViewController.swift */; };
		E025E2B82B018F7B00BE92D2 /* Main.storyboard in Resources */ = {isa = PBXBuildFile; fileRef = E025E2B72B018F7B00BE92D2 /* Main.storyboard */; };
		E025E2BA2B01C84500BE92D2 /* PassengerCountViewController.swift in Sources */ = {isa = PBXBuildFile; fileRef = E025E2B92B01C84500BE92D2 /* PassengerCountViewController.swift */; };
		E025E2BC2B01C87700BE92D2 /* PaymentViewController.swift in Sources */ = {isa = PBXBuildFile; fileRef = E025E2BB2B01C87700BE92D2 /* PaymentViewController.swift */; };
		E025E2BE2B01C8A300BE92D2 /* OutputViewController.swift in Sources */ = {isa = PBXBuildFile; fileRef = E025E2BD2B01C8A300BE92D2 /* OutputViewController.swift */; };
		E05FF7BD2AEEAF210038EB5A /* AppDelegate.swift in Sources */ = {isa = PBXBuildFile; fileRef = E05FF7BC2AEEAF210038EB5A /* AppDelegate.swift */; };
		E05FF7BF2AEEAF210038EB5A /* SceneDelegate.swift in Sources */ = {isa = PBXBuildFile; fileRef = E05FF7BE2AEEAF210038EB5A /* SceneDelegate.swift */; };
		E05FF7C12AEEAF210038EB5A /* ViewController.swift in Sources */ = {isa = PBXBuildFile; fileRef = E05FF7C02AEEAF210038EB5A /* ViewController.swift */; };
		E05FF7C62AEEAF240038EB5A /* Assets.xcassets in Resources */ = {isa = PBXBuildFile; fileRef = E05FF7C52AEEAF240038EB5A /* Assets.xcassets */; };
		E05FF7C92AEEAF240038EB5A /* LaunchScreen.storyboard in Resources */ = {isa = PBXBuildFile; fileRef = E05FF7C72AEEAF240038EB5A /* LaunchScreen.storyboard */; };
		E05FF7D12AEEB8AE0038EB5A /* HomeViewController.swift in Sources */ = {isa = PBXBuildFile; fileRef = E05FF7D02AEEB8AE0038EB5A /* HomeViewController.swift */; };
		E05FF7D32AEEB8C90038EB5A /* LoginViewController.swift in Sources */ = {isa = PBXBuildFile; fileRef = E05FF7D22AEEB8C90038EB5A /* LoginViewController.swift */; };
		E05FF7D52AEEB8D90038EB5A /* RegistrationViewController.swift in Sources */ = {isa = PBXBuildFile; fileRef = E05FF7D42AEEB8D90038EB5A /* RegistrationViewController.swift */; };
		E074CD192B1A9817005A2193 /* BookingDBManager.swift in Sources */ = {isa = PBXBuildFile; fileRef = E074CD182B1A9817005A2193 /* BookingDBManager.swift */; };
		E08561F82B0BB7A1008BB70E /* libsqlite3.tbd in Frameworks */ = {isa = PBXBuildFile; fileRef = E08561F72B0BB7A1008BB70E /* libsqlite3.tbd */; };
		E08562172B126C40008BB70E /* RegistrationDB.swift in Sources */ = {isa = PBXBuildFile; fileRef = E08562162B126C40008BB70E /* RegistrationDB.swift */; };
		E08562192B12720F008BB70E /* ClientsDBManager.swift in Sources */ = {isa = PBXBuildFile; fileRef = E08562182B12720F008BB70E /* ClientsDBManager.swift */; };
		E085621B2B155EC5008BB70E /* BookingDB.swift in Sources */ = {isa = PBXBuildFile; fileRef = E085621A2B155EC5008BB70E /* BookingDB.swift */; };
		E085621F2B17B9E2008BB70E /* CruiseInfoDB.swift in Sources */ = {isa = PBXBuildFile; fileRef = E085621E2B17B9E2008BB70E /* CruiseInfoDB.swift */; };
		E08562212B17BA3F008BB70E /* CruiseInfoDBManager.swift in Sources */ = {isa = PBXBuildFile; fileRef = E08562202B17BA3F008BB70E /* CruiseInfoDBManager.swift */; };
		E08562232B180540008BB70E /* UpdateAccountViewController.swift in Sources */ = {isa = PBXBuildFile; fileRef = E08562222B180540008BB70E /* UpdateAccountViewController.swift */; };
		E0AA767E2AF021570022613A /* DealsTabViewController.swift in Sources */ = {isa = PBXBuildFile; fileRef = E0AA767D2AF021570022613A /* DealsTabViewController.swift */; };
		E0AA76802AF021670022613A /* SearchTabViewController.swift in Sources */ = {isa = PBXBuildFile; fileRef = E0AA767F2AF021670022613A /* SearchTabViewController.swift */; };
		E0AA76822AF021CE0022613A /* SavedTabViewController.swift in Sources */ = {isa = PBXBuildFile; fileRef = E0AA76812AF021CE0022613A /* SavedTabViewController.swift */; };
		E0AA76842AF021DC0022613A /* AccountTabViewController.swift in Sources */ = {isa = PBXBuildFile; fileRef = E0AA76832AF021DC0022613A /* AccountTabViewController.swift */; };
		E0AA76862AF02FE90022613A /* ContactUsViewController.swift in Sources */ = {isa = PBXBuildFile; fileRef = E0AA76852AF02FE90022613A /* ContactUsViewController.swift */; };
		E0E1043F2B2390FA001618F8 /* DetailsCruise.swift in Sources */ = {isa = PBXBuildFile; fileRef = E0E1043E2B2390FA001618F8 /* DetailsCruise.swift */; };
		E0E104412B23911E001618F8 /* DecCruise.swift in Sources */ = {isa = PBXBuildFile; fileRef = E0E104402B23911E001618F8 /* DecCruise.swift */; };
		E0E104432B23FB56001618F8 /* selCruiseViewController.swift in Sources */ = {isa = PBXBuildFile; fileRef = E0E104422B23FB56001618F8 /* selCruiseViewController.swift */; };
		E0E104452B23FE7B001618F8 /* CruiseCollectionViewCell.swift in Sources */ = {isa = PBXBuildFile; fileRef = E0E104442B23FE7B001618F8 /* CruiseCollectionViewCell.swift */; };
		E0E104472B252986001618F8 /* ImageCollectionViewCell.swift in Sources */ = {isa = PBXBuildFile; fileRef = E0E104462B252986001618F8 /* ImageCollectionViewCell.swift */; };
		E0E104492B267108001618F8 /* toPaymentViewController.swift in Sources */ = {isa = PBXBuildFile; fileRef = E0E104482B267108001618F8 /* toPaymentViewController.swift */; };
		E0E1044B2B26885C001618F8 /* BookingCompletedTableViewCell.swift in Sources */ = {isa = PBXBuildFile; fileRef = E0E1044A2B26885C001618F8 /* BookingCompletedTableViewCell.swift */; };
		E0E1044D2B26A108001618F8 /* AccountBookingTableViewCell.swift in Sources */ = {isa = PBXBuildFile; fileRef = E0E1044C2B26A108001618F8 /* AccountBookingTableViewCell.swift */; };
/* End PBXBuildFile section */

/* Begin PBXFileReference section */
		E025E29F2B00686800BE92D2 /* CustomTableViewCell.swift */ = {isa = PBXFileReference; lastKnownFileType = sourcecode.swift; path = CustomTableViewCell.swift; sourceTree = "<group>"; };
		E025E2A12B01651A00BE92D2 /* CustomDealsTableViewCell.swift */ = {isa = PBXFileReference; lastKnownFileType = sourcecode.swift; path = CustomDealsTableViewCell.swift; sourceTree = "<group>"; };
		E025E2A32B01773500BE92D2 /* BahamasViewController.swift */ = {isa = PBXFileReference; lastKnownFileType = sourcecode.swift; path = BahamasViewController.swift; sourceTree = "<group>"; };
		E025E2A52B01774A00BE92D2 /* CaribbeanViewController.swift */ = {isa = PBXFileReference; lastKnownFileType = sourcecode.swift; path = CaribbeanViewController.swift; sourceTree = "<group>"; };
		E025E2A72B01776000BE92D2 /* CubaViewController.swift */ = {isa = PBXFileReference; lastKnownFileType = sourcecode.swift; path = CubaViewController.swift; sourceTree = "<group>"; };
		E025E2A92B01776E00BE92D2 /* SamplerViewController.swift */ = {isa = PBXFileReference; lastKnownFileType = sourcecode.swift; path = SamplerViewController.swift; sourceTree = "<group>"; };
		E025E2AB2B01777C00BE92D2 /* StarViewController.swift */ = {isa = PBXFileReference; lastKnownFileType = sourcecode.swift; path = StarViewController.swift; sourceTree = "<group>"; };
		E025E2B72B018F7B00BE92D2 /* Main.storyboard */ = {isa = PBXFileReference; fileEncoding = 4; lastKnownFileType = file.storyboard; path = Main.storyboard; sourceTree = "<group>"; };
		E025E2B92B01C84500BE92D2 /* PassengerCountViewController.swift */ = {isa = PBXFileReference; lastKnownFileType = sourcecode.swift; path = PassengerCountViewController.swift; sourceTree = "<group>"; };
		E025E2BB2B01C87700BE92D2 /* PaymentViewController.swift */ = {isa = PBXFileReference; lastKnownFileType = sourcecode.swift; path = PaymentViewController.swift; sourceTree = "<group>"; };
		E025E2BD2B01C8A300BE92D2 /* OutputViewController.swift */ = {isa = PBXFileReference; lastKnownFileType = sourcecode.swift; path = OutputViewController.swift; sourceTree = "<group>"; };
		E05FF7B92AEEAF210038EB5A /* Team11_MAPD714_Project-Milestone2.app */ = {isa = PBXFileReference; explicitFileType = wrapper.application; includeInIndex = 0; path = "Team11_MAPD714_Project-Milestone2.app"; sourceTree = BUILT_PRODUCTS_DIR; };
		E05FF7BC2AEEAF210038EB5A /* AppDelegate.swift */ = {isa = PBXFileReference; lastKnownFileType = sourcecode.swift; path = AppDelegate.swift; sourceTree = "<group>"; };
		E05FF7BE2AEEAF210038EB5A /* SceneDelegate.swift */ = {isa = PBXFileReference; lastKnownFileType = sourcecode.swift; path = SceneDelegate.swift; sourceTree = "<group>"; };
		E05FF7C02AEEAF210038EB5A /* ViewController.swift */ = {isa = PBXFileReference; lastKnownFileType = sourcecode.swift; path = ViewController.swift; sourceTree = "<group>"; };
		E05FF7C52AEEAF240038EB5A /* Assets.xcassets */ = {isa = PBXFileReference; lastKnownFileType = folder.assetcatalog; path = Assets.xcassets; sourceTree = "<group>"; };
		E05FF7C82AEEAF240038EB5A /* Base */ = {isa = PBXFileReference; lastKnownFileType = file.storyboard; name = Base; path = Base.lproj/LaunchScreen.storyboard; sourceTree = "<group>"; };
		E05FF7CA2AEEAF240038EB5A /* Info.plist */ = {isa = PBXFileReference; lastKnownFileType = text.plist.xml; path = Info.plist; sourceTree = "<group>"; };
		E05FF7D02AEEB8AE0038EB5A /* HomeViewController.swift */ = {isa = PBXFileReference; lastKnownFileType = sourcecode.swift; path = HomeViewController.swift; sourceTree = "<group>"; };
		E05FF7D22AEEB8C90038EB5A /* LoginViewController.swift */ = {isa = PBXFileReference; lastKnownFileType = sourcecode.swift; path = LoginViewController.swift; sourceTree = "<group>"; };
		E05FF7D42AEEB8D90038EB5A /* RegistrationViewController.swift */ = {isa = PBXFileReference; lastKnownFileType = sourcecode.swift; path = RegistrationViewController.swift; sourceTree = "<group>"; };
		E074CD182B1A9817005A2193 /* BookingDBManager.swift */ = {isa = PBXFileReference; lastKnownFileType = sourcecode.swift; path = BookingDBManager.swift; sourceTree = "<group>"; };
		E08561F72B0BB7A1008BB70E /* libsqlite3.tbd */ = {isa = PBXFileReference; lastKnownFileType = "sourcecode.text-based-dylib-definition"; name = libsqlite3.tbd; path = usr/lib/libsqlite3.tbd; sourceTree = SDKROOT; };
		E08562162B126C40008BB70E /* RegistrationDB.swift */ = {isa = PBXFileReference; lastKnownFileType = sourcecode.swift; path = RegistrationDB.swift; sourceTree = "<group>"; };
		E08562182B12720F008BB70E /* ClientsDBManager.swift */ = {isa = PBXFileReference; lastKnownFileType = sourcecode.swift; path = ClientsDBManager.swift; sourceTree = "<group>"; };
		E085621A2B155EC5008BB70E /* BookingDB.swift */ = {isa = PBXFileReference; lastKnownFileType = sourcecode.swift; path = BookingDB.swift; sourceTree = "<group>"; };
		E085621E2B17B9E2008BB70E /* CruiseInfoDB.swift */ = {isa = PBXFileReference; lastKnownFileType = sourcecode.swift; path = CruiseInfoDB.swift; sourceTree = "<group>"; };
		E08562202B17BA3F008BB70E /* CruiseInfoDBManager.swift */ = {isa = PBXFileReference; lastKnownFileType = sourcecode.swift; path = CruiseInfoDBManager.swift; sourceTree = "<group>"; };
		E08562222B180540008BB70E /* UpdateAccountViewController.swift */ = {isa = PBXFileReference; lastKnownFileType = sourcecode.swift; path = UpdateAccountViewController.swift; sourceTree = "<group>"; };
		E0AA767D2AF021570022613A /* DealsTabViewController.swift */ = {isa = PBXFileReference; lastKnownFileType = sourcecode.swift; path = DealsTabViewController.swift; sourceTree = "<group>"; };
		E0AA767F2AF021670022613A /* SearchTabViewController.swift */ = {isa = PBXFileReference; lastKnownFileType = sourcecode.swift; path = SearchTabViewController.swift; sourceTree = "<group>"; };
		E0AA76812AF021CE0022613A /* SavedTabViewController.swift */ = {isa = PBXFileReference; lastKnownFileType = sourcecode.swift; path = SavedTabViewController.swift; sourceTree = "<group>"; };
		E0AA76832AF021DC0022613A /* AccountTabViewController.swift */ = {isa = PBXFileReference; lastKnownFileType = sourcecode.swift; path = AccountTabViewController.swift; sourceTree = "<group>"; };
		E0AA76852AF02FE90022613A /* ContactUsViewController.swift */ = {isa = PBXFileReference; lastKnownFileType = sourcecode.swift; path = ContactUsViewController.swift; sourceTree = "<group>"; };
		E0E1043E2B2390FA001618F8 /* DetailsCruise.swift */ = {isa = PBXFileReference; lastKnownFileType = sourcecode.swift; path = DetailsCruise.swift; sourceTree = "<group>"; };
		E0E104402B23911E001618F8 /* DecCruise.swift */ = {isa = PBXFileReference; lastKnownFileType = sourcecode.swift; path = DecCruise.swift; sourceTree = "<group>"; };
		E0E104422B23FB56001618F8 /* selCruiseViewController.swift */ = {isa = PBXFileReference; lastKnownFileType = sourcecode.swift; path = selCruiseViewController.swift; sourceTree = "<group>"; };
		E0E104442B23FE7B001618F8 /* CruiseCollectionViewCell.swift */ = {isa = PBXFileReference; lastKnownFileType = sourcecode.swift; path = CruiseCollectionViewCell.swift; sourceTree = "<group>"; };
		E0E104462B252986001618F8 /* ImageCollectionViewCell.swift */ = {isa = PBXFileReference; lastKnownFileType = sourcecode.swift; path = ImageCollectionViewCell.swift; sourceTree = "<group>"; };
		E0E104482B267108001618F8 /* toPaymentViewController.swift */ = {isa = PBXFileReference; lastKnownFileType = sourcecode.swift; path = toPaymentViewController.swift; sourceTree = "<group>"; };
		E0E1044A2B26885C001618F8 /* BookingCompletedTableViewCell.swift */ = {isa = PBXFileReference; lastKnownFileType = sourcecode.swift; path = BookingCompletedTableViewCell.swift; sourceTree = "<group>"; };
		E0E1044C2B26A108001618F8 /* AccountBookingTableViewCell.swift */ = {isa = PBXFileReference; lastKnownFileType = sourcecode.swift; path = AccountBookingTableViewCell.swift; sourceTree = "<group>"; };
/* End PBXFileReference section */

/* Begin PBXFrameworksBuildPhase section */
		E05FF7B62AEEAF210038EB5A /* Frameworks */ = {
			isa = PBXFrameworksBuildPhase;
			buildActionMask = 2147483647;
			files = (
				E08561F82B0BB7A1008BB70E /* libsqlite3.tbd in Frameworks */,
			);
			runOnlyForDeploymentPostprocessing = 0;
		};
/* End PBXFrameworksBuildPhase section */

/* Begin PBXGroup section */
		E05FF7B02AEEAF210038EB5A = {
			isa = PBXGroup;
			children = (
				E05FF7BB2AEEAF210038EB5A /* Team11_MAPD714_Project-Milestone2 */,
				E05FF7BA2AEEAF210038EB5A /* Products */,
				E08561F62B0BB7A1008BB70E /* Frameworks */,
				E08562242B1946FA008BB70E /* backup */,
			);
			sourceTree = "<group>";
		};
		E05FF7BA2AEEAF210038EB5A /* Products */ = {
			isa = PBXGroup;
			children = (
				E05FF7B92AEEAF210038EB5A /* Team11_MAPD714_Project-Milestone2.app */,
			);
			name = Products;
			sourceTree = "<group>";
		};
		E05FF7BB2AEEAF210038EB5A /* Team11_MAPD714_Project-Milestone2 */ = {
			isa = PBXGroup;
			children = (
				E08562132B1265B1008BB70E /* database */,
				E08561F02B0BB59B008BB70E /* Main View Controllers */,
				E08561F22B0BB65D008BB70E /* login and registration viewcontrollers */,
				E08561F12B0BB5E2008BB70E /* tabs view controllers */,
				E08561F42B0BB6AB008BB70E /* Cruises ViewControllers */,
				E08561F52B0BB6D3008BB70E /* Connected ViewControllers */,
				E08561F32B0BB687008BB70E /* custom Views for table and collection */,
				E025E2B72B018F7B00BE92D2 /* Main.storyboard */,
				E05FF7C72AEEAF240038EB5A /* LaunchScreen.storyboard */,
				E05FF7C52AEEAF240038EB5A /* Assets.xcassets */,
				E05FF7CA2AEEAF240038EB5A /* Info.plist */,
			);
			path = "Team11_MAPD714_Project-Milestone2";
			sourceTree = "<group>";
		};
		E08561F02B0BB59B008BB70E /* Main View Controllers */ = {
			isa = PBXGroup;
			children = (
				E05FF7BE2AEEAF210038EB5A /* SceneDelegate.swift */,
				E05FF7BC2AEEAF210038EB5A /* AppDelegate.swift */,
				E05FF7C02AEEAF210038EB5A /* ViewController.swift */,
			);
			path = "Main View Controllers";
			sourceTree = "<group>";
		};
		E08561F12B0BB5E2008BB70E /* tabs view controllers */ = {
			isa = PBXGroup;
			children = (
				E05FF7D02AEEB8AE0038EB5A /* HomeViewController.swift */,
				E0AA767D2AF021570022613A /* DealsTabViewController.swift */,
				E0AA767F2AF021670022613A /* SearchTabViewController.swift */,
				E0AA76812AF021CE0022613A /* SavedTabViewController.swift */,
			);
			path = "tabs view controllers";
			sourceTree = "<group>";
		};
		E08561F22B0BB65D008BB70E /* login and registration viewcontrollers */ = {
			isa = PBXGroup;
			children = (
				E05FF7D22AEEB8C90038EB5A /* LoginViewController.swift */,
				E05FF7D42AEEB8D90038EB5A /* RegistrationViewController.swift */,
			);
			path = "login and registration viewcontrollers";
			sourceTree = "<group>";
		};
		E08561F32B0BB687008BB70E /* custom Views for table and collection */ = {
			isa = PBXGroup;
			children = (
				E025E29F2B00686800BE92D2 /* CustomTableViewCell.swift */,
				E025E2A12B01651A00BE92D2 /* CustomDealsTableViewCell.swift */,
				E0E104442B23FE7B001618F8 /* CruiseCollectionViewCell.swift */,
				E0E104462B252986001618F8 /* ImageCollectionViewCell.swift */,
				E0E1044A2B26885C001618F8 /* BookingCompletedTableViewCell.swift */,
				E0E1044C2B26A108001618F8 /* AccountBookingTableViewCell.swift */,
			);
			path = "custom Views for table and collection";
			sourceTree = "<group>";
		};
		E08561F42B0BB6AB008BB70E /* Cruises ViewControllers */ = {
			isa = PBXGroup;
			children = (
				E0E104422B23FB56001618F8 /* selCruiseViewController.swift */,
			);
			path = "Cruises ViewControllers";
			sourceTree = "<group>";
		};
		E08561F52B0BB6D3008BB70E /* Connected ViewControllers */ = {
			isa = PBXGroup;
			children = (
				E025E2B92B01C84500BE92D2 /* PassengerCountViewController.swift */,
				E0E104482B267108001618F8 /* toPaymentViewController.swift */,
				E025E2BD2B01C8A300BE92D2 /* OutputViewController.swift */,
			);
			path = "Connected ViewControllers";
			sourceTree = "<group>";
		};
		E08561F62B0BB7A1008BB70E /* Frameworks */ = {
			isa = PBXGroup;
			children = (
				E08561F72B0BB7A1008BB70E /* libsqlite3.tbd */,
			);
			name = Frameworks;
			sourceTree = "<group>";
		};
		E08562132B1265B1008BB70E /* database */ = {
			isa = PBXGroup;
			children = (
				E0E1043D2B239044001618F8 /* Cruise Info */,
				E08562162B126C40008BB70E /* RegistrationDB.swift */,
				E08562182B12720F008BB70E /* ClientsDBManager.swift */,
				E085621E2B17B9E2008BB70E /* CruiseInfoDB.swift */,
				E08562202B17BA3F008BB70E /* CruiseInfoDBManager.swift */,
				E085621A2B155EC5008BB70E /* BookingDB.swift */,
				E074CD182B1A9817005A2193 /* BookingDBManager.swift */,
			);
			path = database;
			sourceTree = "<group>";
		};
		E08562242B1946FA008BB70E /* backup */ = {
			isa = PBXGroup;
			children = (
				E0AA76832AF021DC0022613A /* AccountTabViewController.swift */,
				E025E2BB2B01C87700BE92D2 /* PaymentViewController.swift */,
				E0AA76852AF02FE90022613A /* ContactUsViewController.swift */,
				E025E2A32B01773500BE92D2 /* BahamasViewController.swift */,
				E025E2A52B01774A00BE92D2 /* CaribbeanViewController.swift */,
				E025E2A72B01776000BE92D2 /* CubaViewController.swift */,
				E025E2A92B01776E00BE92D2 /* SamplerViewController.swift */,
				E025E2AB2B01777C00BE92D2 /* StarViewController.swift */,
				E08562222B180540008BB70E /* UpdateAccountViewController.swift */,
			);
			path = backup;
			sourceTree = "<group>";
		};
		E0E1043D2B239044001618F8 /* Cruise Info */ = {
			isa = PBXGroup;
			children = (
				E0E104402B23911E001618F8 /* DecCruise.swift */,
				E0E1043E2B2390FA001618F8 /* DetailsCruise.swift */,
			);
			path = "Cruise Info";
			sourceTree = "<group>";
		};
/* End PBXGroup section */

/* Begin PBXNativeTarget section */
		E05FF7B82AEEAF210038EB5A /* Team11_MAPD714_Project-Milestone2 */ = {
			isa = PBXNativeTarget;
			buildConfigurationList = E05FF7CD2AEEAF240038EB5A /* Build configuration list for PBXNativeTarget "Team11_MAPD714_Project-Milestone2" */;
			buildPhases = (
				E05FF7B52AEEAF210038EB5A /* Sources */,
				E05FF7B62AEEAF210038EB5A /* Frameworks */,
				E05FF7B72AEEAF210038EB5A /* Resources */,
			);
			buildRules = (
			);
			dependencies = (
			);
			name = "Team11_MAPD714_Project-Milestone2";
			productName = "Team11_MAPD714_Project-Milestone2";
			productReference = E05FF7B92AEEAF210038EB5A /* Team11_MAPD714_Project-Milestone2.app */;
			productType = "com.apple.product-type.application";
		};
/* End PBXNativeTarget section */

/* Begin PBXProject section */
		E05FF7B12AEEAF210038EB5A /* Project object */ = {
			isa = PBXProject;
			attributes = {
				BuildIndependentTargetsInParallel = 1;
				LastSwiftUpdateCheck = 1500;
				LastUpgradeCheck = 1500;
				TargetAttributes = {
					E05FF7B82AEEAF210038EB5A = {
						CreatedOnToolsVersion = 15.0.1;
					};
				};
			};
			buildConfigurationList = E05FF7B42AEEAF210038EB5A /* Build configuration list for PBXProject "Team11_MAPD714_Project-Milestone2" */;
			compatibilityVersion = "Xcode 14.0";
			developmentRegion = en;
			hasScannedForEncodings = 0;
			knownRegions = (
				en,
				Base,
			);
			mainGroup = E05FF7B02AEEAF210038EB5A;
			productRefGroup = E05FF7BA2AEEAF210038EB5A /* Products */;
			projectDirPath = "";
			projectRoot = "";
			targets = (
				E05FF7B82AEEAF210038EB5A /* Team11_MAPD714_Project-Milestone2 */,
			);
		};
/* End PBXProject section */

/* Begin PBXResourcesBuildPhase section */
		E05FF7B72AEEAF210038EB5A /* Resources */ = {
			isa = PBXResourcesBuildPhase;
			buildActionMask = 2147483647;
			files = (
				E025E2B82B018F7B00BE92D2 /* Main.storyboard in Resources */,
				E05FF7C92AEEAF240038EB5A /* LaunchScreen.storyboard in Resources */,
				E05FF7C62AEEAF240038EB5A /* Assets.xcassets in Resources */,
			);
			runOnlyForDeploymentPostprocessing = 0;
		};
/* End PBXResourcesBuildPhase section */

/* Begin PBXSourcesBuildPhase section */
		E05FF7B52AEEAF210038EB5A /* Sources */ = {
			isa = PBXSourcesBuildPhase;
			buildActionMask = 2147483647;
			files = (
				E05FF7D52AEEB8D90038EB5A /* RegistrationViewController.swift in Sources */,
				E085621B2B155EC5008BB70E /* BookingDB.swift in Sources */,
				E0E1044B2B26885C001618F8 /* BookingCompletedTableViewCell.swift in Sources */,
				E05FF7C12AEEAF210038EB5A /* ViewController.swift in Sources */,
				E074CD192B1A9817005A2193 /* BookingDBManager.swift in Sources */,
				E0E104492B267108001618F8 /* toPaymentViewController.swift in Sources */,
				E025E2A22B01651A00BE92D2 /* CustomDealsTableViewCell.swift in Sources */,
				E025E2AA2B01776E00BE92D2 /* SamplerViewController.swift in Sources */,
				E08562232B180540008BB70E /* UpdateAccountViewController.swift in Sources */,
				E0E1043F2B2390FA001618F8 /* DetailsCruise.swift in Sources */,
				E05FF7BD2AEEAF210038EB5A /* AppDelegate.swift in Sources */,
				E05FF7BF2AEEAF210038EB5A /* SceneDelegate.swift in Sources */,
				E0E104432B23FB56001618F8 /* selCruiseViewController.swift in Sources */,
				E0E104452B23FE7B001618F8 /* CruiseCollectionViewCell.swift in Sources */,
				E0E104472B252986001618F8 /* ImageCollectionViewCell.swift in Sources */,
				E05FF7D32AEEB8C90038EB5A /* LoginViewController.swift in Sources */,
				E025E2BE2B01C8A300BE92D2 /* OutputViewController.swift in Sources */,
				E025E2BC2B01C87700BE92D2 /* PaymentViewController.swift in Sources */,
				E08562212B17BA3F008BB70E /* CruiseInfoDBManager.swift in Sources */,
				E0E1044D2B26A108001618F8 /* AccountBookingTableViewCell.swift in Sources */,
				E0AA767E2AF021570022613A /* DealsTabViewController.swift in Sources */,
				E025E2A02B00686800BE92D2 /* CustomTableViewCell.swift in Sources */,
				E085621F2B17B9E2008BB70E /* CruiseInfoDB.swift in Sources */,
				E0AA76802AF021670022613A /* SearchTabViewController.swift in Sources */,
				E0AA76822AF021CE0022613A /* SavedTabViewController.swift in Sources */,
				E08562192B12720F008BB70E /* ClientsDBManager.swift in Sources */,
				E05FF7D12AEEB8AE0038EB5A /* HomeViewController.swift in Sources */,
				E0AA76842AF021DC0022613A /* AccountTabViewController.swift in Sources */,
				E025E2A42B01773500BE92D2 /* BahamasViewController.swift in Sources */,
				E025E2A82B01776000BE92D2 /* CubaViewController.swift in Sources */,
				E025E2BA2B01C84500BE92D2 /* PassengerCountViewController.swift in Sources */,
				E0E104412B23911E001618F8 /* DecCruise.swift in Sources */,
				E08562172B126C40008BB70E /* RegistrationDB.swift in Sources */,
				E0AA76862AF02FE90022613A /* ContactUsViewController.swift in Sources */,
				E025E2AC2B01777C00BE92D2 /* StarViewController.swift in Sources */,
				E025E2A62B01774A00BE92D2 /* CaribbeanViewController.swift in Sources */,
			);
			runOnlyForDeploymentPostprocessing = 0;
		};
/* End PBXSourcesBuildPhase section */

/* Begin PBXVariantGroup section */
		E05FF7C72AEEAF240038EB5A /* LaunchScreen.storyboard */ = {
			isa = PBXVariantGroup;
			children = (
				E05FF7C82AEEAF240038EB5A /* Base */,
			);
			name = LaunchScreen.storyboard;
			sourceTree = "<group>";
		};
/* End PBXVariantGroup section */

/* Begin XCBuildConfiguration section */
		E05FF7CB2AEEAF240038EB5A /* Debug */ = {
			isa = XCBuildConfiguration;
			buildSettings = {
				ALWAYS_SEARCH_USER_PATHS = NO;
				ASSETCATALOG_COMPILER_GENERATE_SWIFT_ASSET_SYMBOL_EXTENSIONS = YES;
				CLANG_ANALYZER_NONNULL = YES;
				CLANG_ANALYZER_NUMBER_OBJECT_CONVERSION = YES_AGGRESSIVE;
				CLANG_CXX_LANGUAGE_STANDARD = "gnu++20";
				CLANG_ENABLE_MODULES = YES;
				CLANG_ENABLE_OBJC_ARC = YES;
				CLANG_ENABLE_OBJC_WEAK = YES;
				CLANG_WARN_BLOCK_CAPTURE_AUTORELEASING = YES;
				CLANG_WARN_BOOL_CONVERSION = YES;
				CLANG_WARN_COMMA = YES;
				CLANG_WARN_CONSTANT_CONVERSION = YES;
				CLANG_WARN_DEPRECATED_OBJC_IMPLEMENTATIONS = YES;
				CLANG_WARN_DIRECT_OBJC_ISA_USAGE = YES_ERROR;
				CLANG_WARN_DOCUMENTATION_COMMENTS = YES;
				CLANG_WARN_EMPTY_BODY = YES;
				CLANG_WARN_ENUM_CONVERSION = YES;
				CLANG_WARN_INFINITE_RECURSION = YES;
				CLANG_WARN_INT_CONVERSION = YES;
				CLANG_WARN_NON_LITERAL_NULL_CONVERSION = YES;
				CLANG_WARN_OBJC_IMPLICIT_RETAIN_SELF = YES;
				CLANG_WARN_OBJC_LITERAL_CONVERSION = YES;
				CLANG_WARN_OBJC_ROOT_CLASS = YES_ERROR;
				CLANG_WARN_QUOTED_INCLUDE_IN_FRAMEWORK_HEADER = YES;
				CLANG_WARN_RANGE_LOOP_ANALYSIS = YES;
				CLANG_WARN_STRICT_PROTOTYPES = YES;
				CLANG_WARN_SUSPICIOUS_MOVE = YES;
				CLANG_WARN_UNGUARDED_AVAILABILITY = YES_AGGRESSIVE;
				CLANG_WARN_UNREACHABLE_CODE = YES;
				CLANG_WARN__DUPLICATE_METHOD_MATCH = YES;
				COPY_PHASE_STRIP = NO;
				DEBUG_INFORMATION_FORMAT = dwarf;
				ENABLE_STRICT_OBJC_MSGSEND = YES;
				ENABLE_TESTABILITY = YES;
				ENABLE_USER_SCRIPT_SANDBOXING = YES;
				GCC_C_LANGUAGE_STANDARD = gnu17;
				GCC_DYNAMIC_NO_PIC = NO;
				GCC_NO_COMMON_BLOCKS = YES;
				GCC_OPTIMIZATION_LEVEL = 0;
				GCC_PREPROCESSOR_DEFINITIONS = (
					"DEBUG=1",
					"$(inherited)",
				);
				GCC_WARN_64_TO_32_BIT_CONVERSION = YES;
				GCC_WARN_ABOUT_RETURN_TYPE = YES_ERROR;
				GCC_WARN_UNDECLARED_SELECTOR = YES;
				GCC_WARN_UNINITIALIZED_AUTOS = YES_AGGRESSIVE;
				GCC_WARN_UNUSED_FUNCTION = YES;
				GCC_WARN_UNUSED_VARIABLE = YES;
				IPHONEOS_DEPLOYMENT_TARGET = 17.0;
				LOCALIZATION_PREFERS_STRING_CATALOGS = YES;
				MTL_ENABLE_DEBUG_INFO = INCLUDE_SOURCE;
				MTL_FAST_MATH = YES;
				ONLY_ACTIVE_ARCH = YES;
				SDKROOT = iphoneos;
				SWIFT_ACTIVE_COMPILATION_CONDITIONS = "DEBUG $(inherited)";
				SWIFT_OPTIMIZATION_LEVEL = "-Onone";
			};
			name = Debug;
		};
		E05FF7CC2AEEAF240038EB5A /* Release */ = {
			isa = XCBuildConfiguration;
			buildSettings = {
				ALWAYS_SEARCH_USER_PATHS = NO;
				ASSETCATALOG_COMPILER_GENERATE_SWIFT_ASSET_SYMBOL_EXTENSIONS = YES;
				CLANG_ANALYZER_NONNULL = YES;
				CLANG_ANALYZER_NUMBER_OBJECT_CONVERSION = YES_AGGRESSIVE;
				CLANG_CXX_LANGUAGE_STANDARD = "gnu++20";
				CLANG_ENABLE_MODULES = YES;
				CLANG_ENABLE_OBJC_ARC = YES;
				CLANG_ENABLE_OBJC_WEAK = YES;
				CLANG_WARN_BLOCK_CAPTURE_AUTORELEASING = YES;
				CLANG_WARN_BOOL_CONVERSION = YES;
				CLANG_WARN_COMMA = YES;
				CLANG_WARN_CONSTANT_CONVERSION = YES;
				CLANG_WARN_DEPRECATED_OBJC_IMPLEMENTATIONS = YES;
				CLANG_WARN_DIRECT_OBJC_ISA_USAGE = YES_ERROR;
				CLANG_WARN_DOCUMENTATION_COMMENTS = YES;
				CLANG_WARN_EMPTY_BODY = YES;
				CLANG_WARN_ENUM_CONVERSION = YES;
				CLANG_WARN_INFINITE_RECURSION = YES;
				CLANG_WARN_INT_CONVERSION = YES;
				CLANG_WARN_NON_LITERAL_NULL_CONVERSION = YES;
				CLANG_WARN_OBJC_IMPLICIT_RETAIN_SELF = YES;
				CLANG_WARN_OBJC_LITERAL_CONVERSION = YES;
				CLANG_WARN_OBJC_ROOT_CLASS = YES_ERROR;
				CLANG_WARN_QUOTED_INCLUDE_IN_FRAMEWORK_HEADER = YES;
				CLANG_WARN_RANGE_LOOP_ANALYSIS = YES;
				CLANG_WARN_STRICT_PROTOTYPES = YES;
				CLANG_WARN_SUSPICIOUS_MOVE = YES;
				CLANG_WARN_UNGUARDED_AVAILABILITY = YES_AGGRESSIVE;
				CLANG_WARN_UNREACHABLE_CODE = YES;
				CLANG_WARN__DUPLICATE_METHOD_MATCH = YES;
				COPY_PHASE_STRIP = NO;
				DEBUG_INFORMATION_FORMAT = "dwarf-with-dsym";
				ENABLE_NS_ASSERTIONS = NO;
				ENABLE_STRICT_OBJC_MSGSEND = YES;
				ENABLE_USER_SCRIPT_SANDBOXING = YES;
				GCC_C_LANGUAGE_STANDARD = gnu17;
				GCC_NO_COMMON_BLOCKS = YES;
				GCC_WARN_64_TO_32_BIT_CONVERSION = YES;
				GCC_WARN_ABOUT_RETURN_TYPE = YES_ERROR;
				GCC_WARN_UNDECLARED_SELECTOR = YES;
				GCC_WARN_UNINITIALIZED_AUTOS = YES_AGGRESSIVE;
				GCC_WARN_UNUSED_FUNCTION = YES;
				GCC_WARN_UNUSED_VARIABLE = YES;
				IPHONEOS_DEPLOYMENT_TARGET = 17.0;
				LOCALIZATION_PREFERS_STRING_CATALOGS = YES;
				MTL_ENABLE_DEBUG_INFO = NO;
				MTL_FAST_MATH = YES;
				SDKROOT = iphoneos;
				SWIFT_COMPILATION_MODE = wholemodule;
				VALIDATE_PRODUCT = YES;
			};
			name = Release;
		};
		E05FF7CE2AEEAF240038EB5A /* Debug */ = {
			isa = XCBuildConfiguration;
			buildSettings = {
				ASSETCATALOG_COMPILER_APPICON_NAME = AppIcon;
				ASSETCATALOG_COMPILER_GLOBAL_ACCENT_COLOR_NAME = AccentColor;
				CODE_SIGN_STYLE = Automatic;
				CURRENT_PROJECT_VERSION = 1;
				GENERATE_INFOPLIST_FILE = YES;
				INFOPLIST_FILE = "Team11_MAPD714_Project-Milestone2/Info.plist";
				INFOPLIST_KEY_UIApplicationSupportsIndirectInputEvents = YES;
				INFOPLIST_KEY_UILaunchStoryboardName = LaunchScreen;
				INFOPLIST_KEY_UIMainStoryboardFile = Main;
				INFOPLIST_KEY_UISupportedInterfaceOrientations_iPad = "UIInterfaceOrientationPortrait UIInterfaceOrientationPortraitUpsideDown UIInterfaceOrientationLandscapeLeft UIInterfaceOrientationLandscapeRight";
				INFOPLIST_KEY_UISupportedInterfaceOrientations_iPhone = "UIInterfaceOrientationPortrait UIInterfaceOrientationLandscapeLeft UIInterfaceOrientationLandscapeRight";
				LD_RUNPATH_SEARCH_PATHS = (
					"$(inherited)",
					"@executable_path/Frameworks",
				);
				MARKETING_VERSION = 1.0;
				PRODUCT_BUNDLE_IDENTIFIER = "com.saurav.Team11-MAPD714-Project-Milestone2";
				PRODUCT_NAME = "$(TARGET_NAME)";
				SWIFT_EMIT_LOC_STRINGS = YES;
				SWIFT_VERSION = 5.0;
				TARGETED_DEVICE_FAMILY = "1,2";
			};
			name = Debug;
		};
		E05FF7CF2AEEAF240038EB5A /* Release */ = {
			isa = XCBuildConfiguration;
			buildSettings = {
				ASSETCATALOG_COMPILER_APPICON_NAME = AppIcon;
				ASSETCATALOG_COMPILER_GLOBAL_ACCENT_COLOR_NAME = AccentColor;
				CODE_SIGN_STYLE = Automatic;
				CURRENT_PROJECT_VERSION = 1;
				GENERATE_INFOPLIST_FILE = YES;
				INFOPLIST_FILE = "Team11_MAPD714_Project-Milestone2/Info.plist";
				INFOPLIST_KEY_UIApplicationSupportsIndirectInputEvents = YES;
				INFOPLIST_KEY_UILaunchStoryboardName = LaunchScreen;
				INFOPLIST_KEY_UIMainStoryboardFile = Main;
				INFOPLIST_KEY_UISupportedInterfaceOrientations_iPad = "UIInterfaceOrientationPortrait UIInterfaceOrientationPortraitUpsideDown UIInterfaceOrientationLandscapeLeft UIInterfaceOrientationLandscapeRight";
				INFOPLIST_KEY_UISupportedInterfaceOrientations_iPhone = "UIInterfaceOrientationPortrait UIInterfaceOrientationLandscapeLeft UIInterfaceOrientationLandscapeRight";
				LD_RUNPATH_SEARCH_PATHS = (
					"$(inherited)",
					"@executable_path/Frameworks",
				);
				MARKETING_VERSION = 1.0;
				PRODUCT_BUNDLE_IDENTIFIER = "com.saurav.Team11-MAPD714-Project-Milestone2";
				PRODUCT_NAME = "$(TARGET_NAME)";
				SWIFT_EMIT_LOC_STRINGS = YES;
				SWIFT_VERSION = 5.0;
				TARGETED_DEVICE_FAMILY = "1,2";
			};
			name = Release;
		};
/* End XCBuildConfiguration section */

/* Begin XCConfigurationList section */
		E05FF7B42AEEAF210038EB5A /* Build configuration list for PBXProject "Team11_MAPD714_Project-Milestone2" */ = {
			isa = XCConfigurationList;
			buildConfigurations = (
				E05FF7CB2AEEAF240038EB5A /* Debug */,
				E05FF7CC2AEEAF240038EB5A /* Release */,
			);
			defaultConfigurationIsVisible = 0;
			defaultConfigurationName = Release;
		};
		E05FF7CD2AEEAF240038EB5A /* Build configuration list for PBXNativeTarget "Team11_MAPD714_Project-Milestone2" */ = {
			isa = XCConfigurationList;
			buildConfigurations = (
				E05FF7CE2AEEAF240038EB5A /* Debug */,
				E05FF7CF2AEEAF240038EB5A /* Release */,
			);
			defaultConfigurationIsVisible = 0;
			defaultConfigurationName = Release;
		};
/* End XCConfigurationList section */
	};
	rootObject = E05FF7B12AEEAF210038EB5A /* Project object */;
}
